
Microsoft Visual Studio Solution File, Format Version 12.00
# Visual Studio 15
VisualStudioVersion = 15.0.27428.2027
MinimumVisualStudioVersion = 10.0.40219.1
Project("{FAE04EC0-301F-11D3-BF4B-00C04F79EFBC}") = "Exercises", "Exercises.csproj", "{14816B8E-279F-4D0F-AB22-F8FB33E12319}"
EndProject
Global
	GlobalSection(SolutionConfigurationPlatforms) = preSolution
		Debug|Any CPU = Debug|Any CPU
		Release|Any CPU = Release|Any CPU
	EndGlobalSection
	GlobalSection(ProjectConfigurationPlatforms) = postSolution
		{14816B8E-279F-4D0F-AB22-F8FB33E12319}.Debug|Any CPU.ActiveCfg = Debug|Any CPU
		{14816B8E-279F-4D0F-AB22-F8FB33E12319}.Debug|Any CPU.Build.0 = Debug|Any CPU
		{14816B8E-279F-4D0F-AB22-F8FB33E12319}.Release|Any CPU.ActiveCfg = Release|Any CPU
		{14816B8E-279F-4D0F-AB22-F8FB33E12319}.Release|Any CPU.Build.0 = Release|Any CPU
	EndGlobalSection
	GlobalSection(SolutionProperties) = preSolution
		HideSolutionNode = FALSE
	EndGlobalSection
	GlobalSection(ExtensibilityGlobals) = postSolution
		SolutionGuid = {7A92C326-E45B-494D-A773-56233F04C1EF}
	EndGlobalSection
EndGlobal
